
Microsoft Visual Studio Solution File, Format Version 12.00
# Visual Studio Version 17
VisualStudioVersion = 17.0.31903.59
MinimumVisualStudioVersion = 10.0.40219.1
Project("{FAE04EC0-301F-11D3-BF4B-00C04F79EFBC}") = "Triangulos", "Triangulos\Triangulos.csproj", "{C9377FA7-4212-4C6C-B350-4ACCB204B746}"
EndProject
Global
	GlobalSection(SolutionConfigurationPlatforms) = preSolution
		Debug|Any CPU = Debug|Any CPU
		Release|Any CPU = Release|Any CPU
	EndGlobalSection
	GlobalSection(SolutionProperties) = preSolution
		HideSolutionNode = FALSE
	EndGlobalSection
	GlobalSection(ProjectConfigurationPlatforms) = postSolution
		{C9377FA7-4212-4C6C-B350-4ACCB204B746}.Debug|Any CPU.ActiveCfg = Debug|Any CPU
		{C9377FA7-4212-4C6C-B350-4ACCB204B746}.Debug|Any CPU.Build.0 = Debug|Any CPU
		{C9377FA7-4212-4C6C-B350-4ACCB204B746}.Release|Any CPU.ActiveCfg = Release|Any CPU
		{C9377FA7-4212-4C6C-B350-4ACCB204B746}.Release|Any CPU.Build.0 = Release|Any CPU
	EndGlobalSection
EndGlobal
