
Microsoft Visual Studio Solution File, Format Version 12.00
# Visual Studio Version 17
VisualStudioVersion = 17.0.31903.59
MinimumVisualStudioVersion = 10.0.40219.1
Project("{FAE04EC0-301F-11D3-BF4B-00C04F79EFBC}") = "Tarea4", "Tarea4\Tarea4.csproj", "{D12F62D4-AA6A-46CB-9E87-CA0C8FCFFD1A}"
EndProject
Global
	GlobalSection(SolutionConfigurationPlatforms) = preSolution
		Debug|Any CPU = Debug|Any CPU
		Release|Any CPU = Release|Any CPU
	EndGlobalSection
	GlobalSection(SolutionProperties) = preSolution
		HideSolutionNode = FALSE
	EndGlobalSection
	GlobalSection(ProjectConfigurationPlatforms) = postSolution
		{D12F62D4-AA6A-46CB-9E87-CA0C8FCFFD1A}.Debug|Any CPU.ActiveCfg = Debug|Any CPU
		{D12F62D4-AA6A-46CB-9E87-CA0C8FCFFD1A}.Debug|Any CPU.Build.0 = Debug|Any CPU
		{D12F62D4-AA6A-46CB-9E87-CA0C8FCFFD1A}.Release|Any CPU.ActiveCfg = Release|Any CPU
		{D12F62D4-AA6A-46CB-9E87-CA0C8FCFFD1A}.Release|Any CPU.Build.0 = Release|Any CPU
	EndGlobalSection
EndGlobal
